
Microsoft Visual Studio Solution File, Format Version 12.00
# Visual Studio Version 17
VisualStudioVersion = 17.10.35027.167
MinimumVisualStudioVersion = 10.0.40219.1
Project("{8BC9CEB8-8B4A-11D0-8D11-00A0C91BC942}") = "CppWebBrowser", "CppWebBrowser.vcxproj", "{E81E8ABD-517D-4B08-9B47-E5447A7E16A6}"
EndProject
Project("{8BC9CEB8-8B4A-11D0-8D11-00A0C91BC942}") = "WebCrawler", "..\WebCrawler\WebCrawler.vcxproj", "{DFD356D6-DF92-40DD-BA9F-9A5DF2F8E17F}"
EndProject
Project("{8BC9CEB8-8B4A-11D0-8D11-00A0C91BC942}") = "SearchEngineSharedLibrary", "..\SearchEngineSharedLibrary\SearchEngineSharedLibrary.vcxproj", "{8C8DFAB2-207A-4D80-814B-5AAB53691B1E}"
EndProject
Global
	GlobalSection(SolutionConfigurationPlatforms) = preSolution
		Debug|x64 = Debug|x64
		Debug|x86 = Debug|x86
		Release|x64 = Release|x64
		Release|x86 = Release|x86
	EndGlobalSection
	GlobalSection(ProjectConfigurationPlatforms) = postSolution
		{E81E8ABD-517D-4B08-9B47-E5447A7E16A6}.Debug|x64.ActiveCfg = Debug|x64
		{E81E8ABD-517D-4B08-9B47-E5447A7E16A6}.Debug|x64.Build.0 = Debug|x64
		{E81E8ABD-517D-4B08-9B47-E5447A7E16A6}.Debug|x86.ActiveCfg = Debug|Win32
		{E81E8ABD-517D-4B08-9B47-E5447A7E16A6}.Debug|x86.Build.0 = Debug|Win32
		{E81E8ABD-517D-4B08-9B47-E5447A7E16A6}.Release|x64.ActiveCfg = Release|x64
		{E81E8ABD-517D-4B08-9B47-E5447A7E16A6}.Release|x64.Build.0 = Release|x64
		{E81E8ABD-517D-4B08-9B47-E5447A7E16A6}.Release|x86.ActiveCfg = Release|Win32
		{E81E8ABD-517D-4B08-9B47-E5447A7E16A6}.Release|x86.Build.0 = Release|Win32
		{DFD356D6-DF92-40DD-BA9F-9A5DF2F8E17F}.Debug|x64.ActiveCfg = Debug|x64
		{DFD356D6-DF92-40DD-BA9F-9A5DF2F8E17F}.Debug|x64.Build.0 = Debug|x64
		{DFD356D6-DF92-40DD-BA9F-9A5DF2F8E17F}.Debug|x86.ActiveCfg = Debug|Win32
		{DFD356D6-DF92-40DD-BA9F-9A5DF2F8E17F}.Debug|x86.Build.0 = Debug|Win32
		{DFD356D6-DF92-40DD-BA9F-9A5DF2F8E17F}.Release|x64.ActiveCfg = Release|x64
		{DFD356D6-DF92-40DD-BA9F-9A5DF2F8E17F}.Release|x64.Build.0 = Release|x64
		{DFD356D6-DF92-40DD-BA9F-9A5DF2F8E17F}.Release|x86.ActiveCfg = Release|Win32
		{DFD356D6-DF92-40DD-BA9F-9A5DF2F8E17F}.Release|x86.Build.0 = Release|Win32
		{8C8DFAB2-207A-4D80-814B-5AAB53691B1E}.Debug|x64.ActiveCfg = Debug|x64
		{8C8DFAB2-207A-4D80-814B-5AAB53691B1E}.Debug|x64.Build.0 = Debug|x64
		{8C8DFAB2-207A-4D80-814B-5AAB53691B1E}.Debug|x86.ActiveCfg = Debug|Win32
		{8C8DFAB2-207A-4D80-814B-5AAB53691B1E}.Debug|x86.Build.0 = Debug|Win32
		{8C8DFAB2-207A-4D80-814B-5AAB53691B1E}.Release|x64.ActiveCfg = Release|x64
		{8C8DFAB2-207A-4D80-814B-5AAB53691B1E}.Release|x64.Build.0 = Release|x64
		{8C8DFAB2-207A-4D80-814B-5AAB53691B1E}.Release|x86.ActiveCfg = Release|Win32
		{8C8DFAB2-207A-4D80-814B-5AAB53691B1E}.Release|x86.Build.0 = Release|Win32
	EndGlobalSection
	GlobalSection(SolutionProperties) = preSolution
		HideSolutionNode = FALSE
	EndGlobalSection
	GlobalSection(ExtensibilityGlobals) = postSolution
		SolutionGuid = {C83F46F7-F17C-4976-A6A0-C506F62C7645}
	EndGlobalSection
EndGlobal
